{
  "lockfile_version": "1",
  "packages": {
    "concurrently@latest": {
      "last_modified": "2026-01-23T17:20:52Z",
      "resolved": "github:NixOS/nixpkgs/a1bab9e494f5f4939442a57a58d0449a109593fe#concurrently",
      "source": "devbox-search",
      "version": "9.2.1",
      "systems": {
        "aarch64-darwin": {
          "outputs": [
            {
              "name": "out",
              "path": "/nix/store/1j8qglj7fw4vg4va0vlygvv499lrhma6-concurrently-9.2.1",
              "default": true
            }
          ],
          "store_path": "/nix/store/1j8qglj7fw4vg4va0vlygvv499lrhma6-concurrently-9.2.1"
        },
        "aarch64-linux": {
          "outputs": [
            {
              "name": "out",
              "path": "/nix/store/ni8wqb2pncm9v8ckraid53x91jczfrv3-concurrently-9.2.1",
              "default": true
            }
          ],
          "store_path": "/nix/store/ni8wqb2pncm9v8ckraid53x91jczfrv3-concurrently-9.2.1"
        },
        "x86_64-darwin": {
          "outputs": [
            {
              "name": "out",
              "path": "/nix/store/fsjx9971d4l2vggcsqpczjm276ygc57r-concurrently-9.2.1",
              "default": true
            }
          ],
          "store_path": "/nix/store/fsjx9971d4l2vggcsqpczjm276ygc57r-concurrently-9.2.1"
        },
        "x86_64-linux": {
          "outputs": [
            {
              "name": "out",
              "path": "/nix/store/m2c62z917c4m6p6f8da965vlck9jl180-concurrently-9.2.1",
              "default": true
            }
          ],
          "store_path": "/nix/store/m2c62z917c4m6p6f8da965vlck9jl180-concurrently-9.2.1"
        }
      }
    },
    "github:NixOS/nixpkgs/nixpkgs-unstable": {
      "last_modified": "2026-02-11T21:01:36Z",
      "resolved": "github:NixOS/nixpkgs/2343bbb58f99267223bc2aac4fc9ea301a155a16?lastModified=1770843696"
    },
    "glibcLocales@latest": {
      "last_modified": "2026-01-23T17:20:52Z",
      "resolved": "github:NixOS/nixpkgs/a1bab9e494f5f4939442a57a58d0449a109593fe#glibcLocales",
      "source": "devbox-search",
      "version": "2.42-47",
      "systems": {
        "aarch64-linux": {
          "outputs": [
            {
              "name": "out",
              "path": "/nix/store/j6314ihrwj50rb1w357lfkz4v8syrq7p-glibc-locales-2.42-47",
              "default": true
            }
          ],
          "store_path": "/nix/store/j6314ihrwj50rb1w357lfkz4v8syrq7p-glibc-locales-2.42-47"
        },
        "x86_64-linux": {
          "outputs": [
            {
              "name": "out",
              "path": "/nix/store/9whrn8kh4r39pf52zlbn7vim0s74qi19-glibc-locales-2.42-47",
              "default": true
            }
          ],
          "store_path": "/nix/store/9whrn8kh4r39pf52zlbn7vim0s74qi19-glibc-locales-2.42-47"
        }
      }
    },
    "nodejs@22": {
      "last_modified": "2026-02-06T12:24:04Z",
      "plugin_version": "0.0.2",
      "resolved": "github:NixOS/nixpkgs/ae67888ff7ef9dff69b3cf0cc0fbfbcd3a722abe#nodejs_22",
      "source": "devbox-search",
      "version": "22.22.0",
      "systems": {
        "aarch64-darwin": {
          "outputs": [
            {
              "name": "out",
              "path": "/nix/store/zphm4748w514z6p9g073f673sjl338gm-nodejs-22.22.0",
              "default": true
            },
            {
              "name": "dev",
              "path": "/nix/store/pp6k9i2dpr8rimfl5dhrpm8y2384g8l3-nodejs-22.22.0-dev"
            },
            {
              "name": "libv8",
              "path": "/nix/store/f5mnrbcj44qx8pb0xj9g71cb0ffxrmd0-nodejs-22.22.0-libv8"
            }
          ],
          "store_path": "/nix/store/zphm4748w514z6p9g073f673sjl338gm-nodejs-22.22.0"
        },
        "aarch64-linux": {
          "outputs": [
            {
              "name": "out",
              "path": "/nix/store/2hzivwi1fq7gyn42nxf1299ydza2qvqq-nodejs-22.22.0",
              "default": true
            },
            {
              "name": "libv8",
              "path": "/nix/store/xl8f6lq0p5lf1dixhd9rhxzkvx4lzpzl-nodejs-22.22.0-libv8"
            },
            {
              "name": "dev",
              "path": "/nix/store/4m4b63ix1kljgcap8zhbpiy4xvg90n1r-nodejs-22.22.0-dev"
            }
          ],
          "store_path": "/nix/store/2hzivwi1fq7gyn42nxf1299ydza2qvqq-nodejs-22.22.0"
        },
        "x86_64-darwin": {
          "outputs": [
            {
              "name": "out",
              "path": "/nix/store/2jw64xbn385nrg0dkinyxy1dk57zib21-nodejs-22.22.0",
              "default": true
            },
            {
              "name": "libv8",
              "path": "/nix/store/q81bvbbawxkm3kb741x4wmxvyyxd8w51-nodejs-22.22.0-libv8"
            },
            {
              "name": "dev",
              "path": "/nix/store/vaq9lp4bchqhvfbfjws5rx2qwx6m57pn-nodejs-22.22.0-dev"
            }
          ],
          "store_path": "/nix/store/2jw64xbn385nrg0dkinyxy1dk57zib21-nodejs-22.22.0"
        },
        "x86_64-linux": {
          "outputs": [
            {
              "name": "out",
              "path": "/nix/store/cv3yxgf7zp70wk8d8lg5zi84lg35nyxs-nodejs-22.22.0",
              "default": true
            },
            {
              "name": "dev",
              "path": "/nix/store/azkh9xkfaphcs7cj5l43rh4a92zjc510-nodejs-22.22.0-dev"
            },
            {
              "name": "libv8",
              "path": "/nix/store/vzddff6gppvny62qsvr1sgqq629laz12-nodejs-22.22.0-libv8"
            }
          ],
          "store_path": "/nix/store/cv3yxgf7zp70wk8d8lg5zi84lg35nyxs-nodejs-22.22.0"
        }
      }
    },
    "php85Extensions.intl@latest": {
      "last_modified": "2026-01-30T02:32:49Z",
      "resolved": "github:NixOS/nixpkgs/6308c3b21396534d8aaeac46179c14c439a89b8a#php85Extensions.intl",
      "source": "devbox-search",
      "version": "8.5.2",
      "systems": {
        "aarch64-darwin": {
          "outputs": [
            {
              "name": "out",
              "path": "/nix/store/vrzkwscp95awd8zyapqq6zgy7mrbjf5b-php-intl-8.5.2",
              "default": true
            },
            {
              "name": "dev",
              "path": "/nix/store/8s158217zbpz14qwzp5b2kymwmi1rc27-php-intl-8.5.2-dev"
            }
          ],
          "store_path": "/nix/store/vrzkwscp95awd8zyapqq6zgy7mrbjf5b-php-intl-8.5.2"
        },
        "aarch64-linux": {
          "outputs": [
            {
              "name": "out",
              "path": "/nix/store/9jv21vfymfz8y3lq43is6ff646cn8gfh-php-intl-8.5.2",
              "default": true
            },
            {
              "name": "dev",
              "path": "/nix/store/ykndsvzyk8vzj3b48dcbirzbfiq9255i-php-intl-8.5.2-dev"
            }
          ],
          "store_path": "/nix/store/9jv21vfymfz8y3lq43is6ff646cn8gfh-php-intl-8.5.2"
        },
        "x86_64-darwin": {
          "outputs": [
            {
              "name": "out",
              "path": "/nix/store/gqskdnq8rdm2ihh5rcbmqy4apjna71hl-php-intl-8.5.2",
              "default": true
            },
            {
              "name": "dev",
              "path": "/nix/store/j643pmwbznhqlngjvjqm7x8apjywc5zz-php-intl-8.5.2-dev"
            }
          ],
          "store_path": "/nix/store/gqskdnq8rdm2ihh5rcbmqy4apjna71hl-php-intl-8.5.2"
        },
        "x86_64-linux": {
          "outputs": [
            {
              "name": "out",
              "path": "/nix/store/hcq0s0yz68a3rqz70rckkknybz93nwnv-php-intl-8.5.2",
              "default": true
            },
            {
              "name": "dev",
              "path": "/nix/store/p4adqyp6ly88kx1l2vgpbhdfjf00v5ib-php-intl-8.5.2-dev"
            }
          ],
          "store_path": "/nix/store/hcq0s0yz68a3rqz70rckkknybz93nwnv-php-intl-8.5.2"
        }
      }
    },
    "php85Extensions.pdo": {
      "resolved": "github:NixOS/nixpkgs/2343bbb58f99267223bc2aac4fc9ea301a155a16#php85Extensions.pdo",
      "source": "nixpkg"
    },
    "php85Extensions.pdo_pgsql": {
      "resolved": "github:NixOS/nixpkgs/2343bbb58f99267223bc2aac4fc9ea301a155a16#php85Extensions.pdo_pgsql",
      "source": "nixpkg",
      "systems": {
        "x86_64-linux": {
          "outputs": [
            {
              "path": "/nix/store/rf9gqjjq28p8hjc12c7x4sal1psbymrl-php-pdo_pgsql-8.5.2",
              "default": true
            }
          ]
        }
      }
    },
    "php85Extensions.pgsql": {
      "resolved": "github:NixOS/nixpkgs/2343bbb58f99267223bc2aac4fc9ea301a155a16#php85Extensions.pgsql",
      "source": "nixpkg"
    },
    "php85Extensions.protobuf": {
      "resolved": "github:NixOS/nixpkgs/2343bbb58f99267223bc2aac4fc9ea301a155a16#php85Extensions.protobuf",
      "source": "nixpkg",
      "systems": {
        "x86_64-linux": {
          "outputs": [
            {
              "path": "/nix/store/5bdkizvi6rdqs4d59y04y4s82c5zcn1f-php-protobuf-3.21.9",
              "default": true
            }
          ]
        }
      }
    },
    "php@8.5": {
      "last_modified": "2026-01-30T02:32:49Z",
      "plugin_version": "0.0.3",
      "resolved": "github:NixOS/nixpkgs/6308c3b21396534d8aaeac46179c14c439a89b8a#php85",
      "source": "devbox-search",
      "version": "8.5.2",
      "systems": {
        "aarch64-darwin": {
          "outputs": [
            {
              "name": "out",
              "path": "/nix/store/sb9snl6fx7largw3wdpwhpy9qfzz9c6x-php-with-extensions-8.5.2",
              "default": true
            }
          ],
          "store_path": "/nix/store/sb9snl6fx7largw3wdpwhpy9qfzz9c6x-php-with-extensions-8.5.2"
        },
        "aarch64-linux": {
          "outputs": [
            {
              "name": "out",
              "path": "/nix/store/4kh0ad7izixvphsf66a4s4z5aqkybmqz-php-with-extensions-8.5.2",
              "default": true
            }
          ],
          "store_path": "/nix/store/4kh0ad7izixvphsf66a4s4z5aqkybmqz-php-with-extensions-8.5.2"
        },
        "x86_64-darwin": {
          "outputs": [
            {
              "name": "out",
              "path": "/nix/store/yij6j1b1z11lygqf365wmm5vny732z4x-php-with-extensions-8.5.2",
              "default": true
            }
          ],
          "store_path": "/nix/store/yij6j1b1z11lygqf365wmm5vny732z4x-php-with-extensions-8.5.2"
        },
        "x86_64-linux": {
          "outputs": [
            {
              "name": "out",
              "path": "/nix/store/m7l6miscidwf1fg0bidl037q2yc2gbix-php-with-extensions-8.5.2",
              "default": true
            }
          ],
          "store_path": "/nix/store/m7l6miscidwf1fg0bidl037q2yc2gbix-php-with-extensions-8.5.2"
        }
      }
    },
    "postgresql@17": {
      "last_modified": "2026-02-06T12:24:04Z",
      "plugin_version": "0.0.2",
      "resolved": "github:NixOS/nixpkgs/ae67888ff7ef9dff69b3cf0cc0fbfbcd3a722abe#postgresql",
      "source": "devbox-search",
      "version": "17.7",
      "systems": {
        "aarch64-darwin": {
          "outputs": [
            {
              "name": "out",
              "path": "/nix/store/vx9gmg88b48qjf1w2q6czfx44jbh48nw-postgresql-17.7",
              "default": true
            },
            {
              "name": "man",
              "path": "/nix/store/5yqpri3x1mklxl2vcybfmwp6xxp52rni-postgresql-17.7-man",
              "default": true
            },
            {
              "name": "pltcl",
              "path": "/nix/store/nh5w4cvdw5s5awzqakq3vzicilf0xqsg-postgresql-17.7-pltcl"
            },
            {
              "name": "dev",
              "path": "/nix/store/nq4byvf63lxxaj9146ix6cgmdcgdwk9w-postgresql-17.7-dev"
            },
            {
              "name": "doc",
              "path": "/nix/store/8xpqpf57xcsynxk2b3ci06196dyfmz26-postgresql-17.7-doc"
            },
            {
              "name": "jit",
              "path": "/nix/store/fa05l4w87mq6mxxc8fmwcnsq2dfwqx63-postgresql-17.7-jit"
            },
            {
              "name": "plperl",
              "path": "/nix/store/7qj0nvgg12qqnvyk91msj3vx7pag9jss-postgresql-17.7-plperl"
            },
            {
              "name": "plpython3",
              "path": "/nix/store/h983agwkyjbpyrvkxg79h04nmkzi1x64-postgresql-17.7-plpython3"
            },
            {
              "name": "lib",
              "path": "/nix/store/ac0yshzcixvp2bf9ni8gyqnaa7xkij4z-postgresql-17.7-lib"
            }
          ],
          "store_path": "/nix/store/vx9gmg88b48qjf1w2q6czfx44jbh48nw-postgresql-17.7"
        },
        "aarch64-linux": {
          "outputs": [
            {
              "name": "out",
              "path": "/nix/store/w9vr076nphsz2yzfga89y0iz8g5h8cph-postgresql-17.7",
              "default": true
            },
            {
              "name": "man",
              "path": "/nix/store/svj6vvzbbsffy8a4911y3vnc06ax9hv1-postgresql-17.7-man",
              "default": true
            },
            {
              "name": "jit",
              "path": "/nix/store/c5rbgn9b02k90m3nqr3xvq3w1idw1g8a-postgresql-17.7-jit"
            },
            {
              "name": "plperl",
              "path": "/nix/store/pnc1x6ibng1zfw4pw41n6jwjh7sxcs6k-postgresql-17.7-plperl"
            },
            {
              "name": "dev",
              "path": "/nix/store/cy6yym2dpckwdczpjvy0fzzfic0gdsyd-postgresql-17.7-dev"
            },
            {
              "name": "lib",
              "path": "/nix/store/n5rx0z3df5m7vzimhpf9wy49yqnc0v7y-postgresql-17.7-lib"
            },
            {
              "name": "plpython3",
              "path": "/nix/store/5iy4j3bdji5i4jjx4n9kjnysnrni9vjl-postgresql-17.7-plpython3"
            },
            {
              "name": "pltcl",
              "path": "/nix/store/99n9s4iglhp5zs9z2hmpkmf9zix726hc-postgresql-17.7-pltcl"
            },
            {
              "name": "debug",
              "path": "/nix/store/j9560pp5y1jjwl3lf0qhy5iqlrhqcbwn-postgresql-17.7-debug"
            },
            {
              "name": "doc",
              "path": "/nix/store/bkl661xgszkiicj5md6cs6djisp75x4a-postgresql-17.7-doc"
            }
          ],
          "store_path": "/nix/store/w9vr076nphsz2yzfga89y0iz8g5h8cph-postgresql-17.7"
        },
        "x86_64-darwin": {
          "outputs": [
            {
              "name": "out",
              "path": "/nix/store/b43wiw5i5nlknjdh0gp5wy2kxhn4g3hb-postgresql-17.7",
              "default": true
            },
            {
              "name": "man",
              "path": "/nix/store/s9kij410s43rybi1azhir7b2j75cq0rn-postgresql-17.7-man",
              "default": true
            },
            {
              "name": "plpython3",
              "path": "/nix/store/9ad55c6ax7n68jiqaizfx32pl1d2h4nk-postgresql-17.7-plpython3"
            },
            {
              "name": "dev",
              "path": "/nix/store/37w8wclf5jadjs1b47hly9bdk3snwayj-postgresql-17.7-dev"
            },
            {
              "name": "plperl",
              "path": "/nix/store/67jpacfqpg9szkgfhgsqc3grbls3kr0k-postgresql-17.7-plperl"
            },
            {
              "name": "pltcl",
              "path": "/nix/store/8cp12kpl06hi69qw1crwcvaq3fzzc1jj-postgresql-17.7-pltcl"
            },
            {
              "name": "doc",
              "path": "/nix/store/77jrsipaqi75rjvr3lrai2gb57qyswlc-postgresql-17.7-doc"
            },
            {
              "name": "jit",
              "path": "/nix/store/nl7c5534vvny958zwa2fybzh6gxypkx0-postgresql-17.7-jit"
            },
            {
              "name": "lib",
              "path": "/nix/store/gdsdbr3ywpflxy6wzijfcsdw24vwz7i6-postgresql-17.7-lib"
            }
          ],
          "store_path": "/nix/store/b43wiw5i5nlknjdh0gp5wy2kxhn4g3hb-postgresql-17.7"
        },
        "x86_64-linux": {
          "outputs": [
            {
              "name": "out",
              "path": "/nix/store/4ymb19kxf4jhvxgpgcpla0v873fj6gk7-postgresql-17.7",
              "default": true
            },
            {
              "name": "man",
              "path": "/nix/store/g9js21qckjnan7v3acw82m6ax59801n5-postgresql-17.7-man",
              "default": true
            },
            {
              "name": "doc",
              "path": "/nix/store/jysmr95bcn3xxh5vhvxxfk8dlq4pmwxc-postgresql-17.7-doc"
            },
            {
              "name": "plperl",
              "path": "/nix/store/vsnmsmlsa70rvkyxdarr4pmm55v9050x-postgresql-17.7-plperl"
            },
            {
              "name": "plpython3",
              "path": "/nix/store/cc0j2gldywdcgic8sy9dracvivcxc2by-postgresql-17.7-plpython3"
            },
            {
              "name": "dev",
              "path": "/nix/store/c0lzaq5al5rh9a6ssi2lvi01ca27db0c-postgresql-17.7-dev"
            },
            {
              "name": "jit",
              "path": "/nix/store/2hh6fvf9g3l3g2d4md8qa8a3f6l6xdg6-postgresql-17.7-jit"
            },
            {
              "name": "lib",
              "path": "/nix/store/k7ksxvn6q8qma28276yg0m0smnzkfrdi-postgresql-17.7-lib"
            },
            {
              "name": "pltcl",
              "path": "/nix/store/nylsg79fndls0dwklnxnwknycwbw8qa8-postgresql-17.7-pltcl"
            },
            {
              "name": "debug",
              "path": "/nix/store/b90wjas7b1ld0gd44xj8957hiqazgcnc-postgresql-17.7-debug"
            }
          ],
          "store_path": "/nix/store/4ymb19kxf4jhvxgpgcpla0v873fj6gk7-postgresql-17.7"
        }
      }
    },
    "yarn-berry_4@latest": {
      "last_modified": "2026-01-23T17:20:52Z",
      "resolved": "github:NixOS/nixpkgs/a1bab9e494f5f4939442a57a58d0449a109593fe#yarn-berry_4",
      "source": "devbox-search",
      "version": "4.12.0",
      "systems": {
        "aarch64-darwin": {
          "outputs": [
            {
              "name": "out",
              "path": "/nix/store/k9bh72bpyqjnfq1nd3c6p1z2ijkx2yg6-yarn-berry-4.12.0",
              "default": true
            }
          ],
          "store_path": "/nix/store/k9bh72bpyqjnfq1nd3c6p1z2ijkx2yg6-yarn-berry-4.12.0"
        },
        "aarch64-linux": {
          "outputs": [
            {
              "name": "out",
              "path": "/nix/store/mcvbqzb1kir87g5pm5624c5ysnfh89wp-yarn-berry-4.12.0",
              "default": true
            }
          ],
          "store_path": "/nix/store/mcvbqzb1kir87g5pm5624c5ysnfh89wp-yarn-berry-4.12.0"
        },
        "x86_64-darwin": {
          "outputs": [
            {
              "name": "out",
              "path": "/nix/store/hn3j954rlcc0gx8nm41sgfzbx0qwfq3c-yarn-berry-4.12.0",
              "default": true
            }
          ],
          "store_path": "/nix/store/hn3j954rlcc0gx8nm41sgfzbx0qwfq3c-yarn-berry-4.12.0"
        },
        "x86_64-linux": {
          "outputs": [
            {
              "name": "out",
              "path": "/nix/store/2pmvaaggpi7ikx9xmhy3x2j0rpklaqrv-yarn-berry-4.12.0",
              "default": true
            }
          ],
          "store_path": "/nix/store/2pmvaaggpi7ikx9xmhy3x2j0rpklaqrv-yarn-berry-4.12.0"
        }
      }
    }
  }
}
